
Microsoft Visual Studio Solution File, Format Version 12.00
# Visual Studio Version 17
VisualStudioVersion = 17.1.32407.343
MinimumVisualStudioVersion = 10.0.40219.1
Project("{FAE04EC0-301F-11D3-BF4B-00C04F79EFBC}") = "BlogDapperJoaoDias", "BlogDapperJoaoDias\BlogDapperJoaoDias.csproj", "{BE52C398-309A-47A1-881E-706BC53034C7}"
EndProject
Global
	GlobalSection(SolutionConfigurationPlatforms) = preSolution
		Debug|Any CPU = Debug|Any CPU
		Release|Any CPU = Release|Any CPU
	EndGlobalSection
	GlobalSection(ProjectConfigurationPlatforms) = postSolution
		{BE52C398-309A-47A1-881E-706BC53034C7}.Debug|Any CPU.ActiveCfg = Debug|Any CPU
		{BE52C398-309A-47A1-881E-706BC53034C7}.Debug|Any CPU.Build.0 = Debug|Any CPU
		{BE52C398-309A-47A1-881E-706BC53034C7}.Release|Any CPU.ActiveCfg = Release|Any CPU
		{BE52C398-309A-47A1-881E-706BC53034C7}.Release|Any CPU.Build.0 = Release|Any CPU
	EndGlobalSection
	GlobalSection(SolutionProperties) = preSolution
		HideSolutionNode = FALSE
	EndGlobalSection
	GlobalSection(ExtensibilityGlobals) = postSolution
		SolutionGuid = {6417C953-3316-44EC-8760-0C5DDDD07C03}
	EndGlobalSection
EndGlobal
